// !$*UTF8*$!
{
	archiveVersion = 1;
	classes = {
	};
	objectVersion = 50;
	objects = {

/* Begin PBXBuildFile section */
		B02BC0162133D61C00DC84EB /* AppDelegate.m in Sources */ = {isa = PBXBuildFile; fileRef = B02BC0152133D61C00DC84EB /* AppDelegate.m */; };
		B02BC0192133D61C00DC84EB /* ViewController.mm in Sources */ = {isa = PBXBuildFile; fileRef = B02BC0182133D61C00DC84EB /* ViewController.mm */; };
		B02BC01C2133D61C00DC84EB /* Main.storyboard in Resources */ = {isa = PBXBuildFile; fileRef = B02BC01A2133D61C00DC84EB /* Main.storyboard */; };
		B02BC01E2133D61D00DC84EB /* Assets.xcassets in Resources */ = {isa = PBXBuildFile; fileRef = B02BC01D2133D61D00DC84EB /* Assets.xcassets */; };
		B02BC0212133D61D00DC84EB /* LaunchScreen.storyboard in Resources */ = {isa = PBXBuildFile; fileRef = B02BC01F2133D61D00DC84EB /* LaunchScreen.storyboard */; };
		B02BC0242133D61D00DC84EB /* main.m in Sources */ = {isa = PBXBuildFile; fileRef = B02BC0232133D61D00DC84EB /* main.m */; };
		B02BC0362133D7CE00DC84EB /* MetalContext.mm in Sources */ = {isa = PBXBuildFile; fileRef = B02BC02C2133D7CE00DC84EB /* MetalContext.mm */; };
		B02BC0372133D7CE00DC84EB /* MetalView.m in Sources */ = {isa = PBXBuildFile; fileRef = B02BC02F2133D7CE00DC84EB /* MetalView.m */; };
		B02BC0462133E04900DC84EB /* OrbitControl.cpp in Sources */ = {isa = PBXBuildFile; fileRef = B02BC0432133E04900DC84EB /* OrbitControl.cpp */; };
		B02BC0472133E04900DC84EB /* MathUtilities.cpp in Sources */ = {isa = PBXBuildFile; fileRef = B02BC0442133E04900DC84EB /* MathUtilities.cpp */; };
		B06F696D2135290F00DE509C /* MeshRenderer.mm in Sources */ = {isa = PBXBuildFile; fileRef = B06F696C2135290F00DE509C /* MeshRenderer.mm */; };
		B06F696F2135292200DE509C /* mesh.metal in Sources */ = {isa = PBXBuildFile; fileRef = B06F696E2135292200DE509C /* mesh.metal */; };
/* End PBXBuildFile section */

/* Begin PBXFileReference section */
		B02BC0112133D61C00DC84EB /* MetalCube.app */ = {isa = PBXFileReference; explicitFileType = wrapper.application; includeInIndex = 0; path = MetalCube.app; sourceTree = BUILT_PRODUCTS_DIR; };
		B02BC0142133D61C00DC84EB /* AppDelegate.h */ = {isa = PBXFileReference; lastKnownFileType = sourcecode.c.h; path = AppDelegate.h; sourceTree = "<group>"; };
		B02BC0152133D61C00DC84EB /* AppDelegate.m */ = {isa = PBXFileReference; lastKnownFileType = sourcecode.c.objc; path = AppDelegate.m; sourceTree = "<group>"; };
		B02BC0172133D61C00DC84EB /* ViewController.h */ = {isa = PBXFileReference; lastKnownFileType = sourcecode.c.h; path = ViewController.h; sourceTree = "<group>"; };
		B02BC0182133D61C00DC84EB /* ViewController.mm */ = {isa = PBXFileReference; lastKnownFileType = sourcecode.cpp.objcpp; path = ViewController.mm; sourceTree = "<group>"; };
		B02BC01B2133D61C00DC84EB /* Base */ = {isa = PBXFileReference; lastKnownFileType = file.storyboard; name = Base; path = Base.lproj/Main.storyboard; sourceTree = "<group>"; };
		B02BC01D2133D61D00DC84EB /* Assets.xcassets */ = {isa = PBXFileReference; lastKnownFileType = folder.assetcatalog; path = Assets.xcassets; sourceTree = "<group>"; };
		B02BC0202133D61D00DC84EB /* Base */ = {isa = PBXFileReference; lastKnownFileType = file.storyboard; name = Base; path = Base.lproj/LaunchScreen.storyboard; sourceTree = "<group>"; };
		B02BC0222133D61D00DC84EB /* Info.plist */ = {isa = PBXFileReference; lastKnownFileType = text.plist.xml; path = Info.plist; sourceTree = "<group>"; };
		B02BC0232133D61D00DC84EB /* main.m */ = {isa = PBXFileReference; lastKnownFileType = sourcecode.c.objc; path = main.m; sourceTree = "<group>"; };
		B02BC02C2133D7CE00DC84EB /* MetalContext.mm */ = {isa = PBXFileReference; fileEncoding = 4; lastKnownFileType = sourcecode.cpp.objcpp; path = MetalContext.mm; sourceTree = "<group>"; };
		B02BC02D2133D7CE00DC84EB /* MetalContext.h */ = {isa = PBXFileReference; fileEncoding = 4; lastKnownFileType = sourcecode.c.h; path = MetalContext.h; sourceTree = "<group>"; };
		B02BC02F2133D7CE00DC84EB /* MetalView.m */ = {isa = PBXFileReference; fileEncoding = 4; lastKnownFileType = sourcecode.c.objc; path = MetalView.m; sourceTree = "<group>"; };
		B02BC0302133D7CE00DC84EB /* MetalView.h */ = {isa = PBXFileReference; fileEncoding = 4; lastKnownFileType = sourcecode.c.h; path = MetalView.h; sourceTree = "<group>"; };
		B02BC0422133E04900DC84EB /* OrbitControl.hpp */ = {isa = PBXFileReference; fileEncoding = 4; lastKnownFileType = sourcecode.cpp.h; path = OrbitControl.hpp; sourceTree = "<group>"; };
		B02BC0432133E04900DC84EB /* OrbitControl.cpp */ = {isa = PBXFileReference; fileEncoding = 4; lastKnownFileType = sourcecode.cpp.cpp; path = OrbitControl.cpp; sourceTree = "<group>"; };
		B02BC0442133E04900DC84EB /* MathUtilities.cpp */ = {isa = PBXFileReference; fileEncoding = 4; lastKnownFileType = sourcecode.cpp.cpp; path = MathUtilities.cpp; sourceTree = "<group>"; };
		B02BC0452133E04900DC84EB /* MathUtilities.hpp */ = {isa = PBXFileReference; fileEncoding = 4; lastKnownFileType = sourcecode.cpp.h; path = MathUtilities.hpp; sourceTree = "<group>"; };
		B06F696B2135290F00DE509C /* MeshRenderer.h */ = {isa = PBXFileReference; lastKnownFileType = sourcecode.c.h; path = MeshRenderer.h; sourceTree = "<group>"; };
		B06F696C2135290F00DE509C /* MeshRenderer.mm */ = {isa = PBXFileReference; lastKnownFileType = sourcecode.cpp.objcpp; path = MeshRenderer.mm; sourceTree = "<group>"; };
		B06F696E2135292200DE509C /* mesh.metal */ = {isa = PBXFileReference; lastKnownFileType = sourcecode.metal; path = mesh.metal; sourceTree = "<group>"; };
/* End PBXFileReference section */

/* Begin PBXFrameworksBuildPhase section */
		B02BC00E2133D61B00DC84EB /* Frameworks */ = {
			isa = PBXFrameworksBuildPhase;
			buildActionMask = 2147483647;
			files = (
			);
			runOnlyForDeploymentPostprocessing = 0;
		};
/* End PBXFrameworksBuildPhase section */

/* Begin PBXGroup section */
		B02BC0082133D61B00DC84EB = {
			isa = PBXGroup;
			children = (
				B02BC0132133D61C00DC84EB /* MetalCube */,
				B02BC0122133D61C00DC84EB /* Products */,
			);
			sourceTree = "<group>";
		};
		B02BC0122133D61C00DC84EB /* Products */ = {
			isa = PBXGroup;
			children = (
				B02BC0112133D61C00DC84EB /* MetalCube.app */,
			);
			name = Products;
			sourceTree = "<group>";
		};
		B02BC0132133D61C00DC84EB /* MetalCube */ = {
			isa = PBXGroup;
			children = (
				B02BC0402133DFD200DC84EB /* Utility */,
				B02BC02A2133D7CE00DC84EB /* Metal */,
				B02BC0142133D61C00DC84EB /* AppDelegate.h */,
				B02BC0152133D61C00DC84EB /* AppDelegate.m */,
				B02BC0172133D61C00DC84EB /* ViewController.h */,
				B02BC0182133D61C00DC84EB /* ViewController.mm */,
				B02BC01A2133D61C00DC84EB /* Main.storyboard */,
				B02BC01D2133D61D00DC84EB /* Assets.xcassets */,
				B02BC01F2133D61D00DC84EB /* LaunchScreen.storyboard */,
				B02BC0222133D61D00DC84EB /* Info.plist */,
				B02BC0232133D61D00DC84EB /* main.m */,
			);
			path = MetalCube;
			sourceTree = "<group>";
		};
		B02BC02A2133D7CE00DC84EB /* Metal */ = {
			isa = PBXGroup;
			children = (
				B02BC02B2133D7CE00DC84EB /* MetalContext */,
				B02BC02E2133D7CE00DC84EB /* MetalView */,
				B02BC0312133D7CE00DC84EB /* MetalRenderer */,
			);
			path = Metal;
			sourceTree = "<group>";
		};
		B02BC02B2133D7CE00DC84EB /* MetalContext */ = {
			isa = PBXGroup;
			children = (
				B02BC02C2133D7CE00DC84EB /* MetalContext.mm */,
				B02BC02D2133D7CE00DC84EB /* MetalContext.h */,
			);
			path = MetalContext;
			sourceTree = "<group>";
		};
		B02BC02E2133D7CE00DC84EB /* MetalView */ = {
			isa = PBXGroup;
			children = (
				B02BC02F2133D7CE00DC84EB /* MetalView.m */,
				B02BC0302133D7CE00DC84EB /* MetalView.h */,
			);
			path = MetalView;
			sourceTree = "<group>";
		};
		B02BC0312133D7CE00DC84EB /* MetalRenderer */ = {
			isa = PBXGroup;
			children = (
				B06F696A213518D100DE509C /* MeshRenderer */,
			);
			path = MetalRenderer;
			sourceTree = "<group>";
		};
		B02BC0402133DFD200DC84EB /* Utility */ = {
			isa = PBXGroup;
			children = (
				B02BC0412133E00A00DC84EB /* Math */,
			);
			path = Utility;
			sourceTree = "<group>";
		};
		B02BC0412133E00A00DC84EB /* Math */ = {
			isa = PBXGroup;
			children = (
				B02BC0442133E04900DC84EB /* MathUtilities.cpp */,
				B02BC0452133E04900DC84EB /* MathUtilities.hpp */,
				B02BC0432133E04900DC84EB /* OrbitControl.cpp */,
				B02BC0422133E04900DC84EB /* OrbitControl.hpp */,
			);
			path = Math;
			sourceTree = "<group>";
		};
		B06F696A213518D100DE509C /* MeshRenderer */ = {
			isa = PBXGroup;
			children = (
				B06F696B2135290F00DE509C /* MeshRenderer.h */,
				B06F696C2135290F00DE509C /* MeshRenderer.mm */,
				B06F696E2135292200DE509C /* mesh.metal */,
			);
			path = MeshRenderer;
			sourceTree = "<group>";
		};
/* End PBXGroup section */

/* Begin PBXNativeTarget section */
		B02BC0102133D61B00DC84EB /* MetalCube */ = {
			isa = PBXNativeTarget;
			buildConfigurationList = B02BC0272133D61D00DC84EB /* Build configuration list for PBXNativeTarget "MetalCube" */;
			buildPhases = (
				B02BC00D2133D61B00DC84EB /* Sources */,
				B02BC00E2133D61B00DC84EB /* Frameworks */,
				B02BC00F2133D61B00DC84EB /* Resources */,
			);
			buildRules = (
			);
			dependencies = (
			);
			name = MetalCube;
			productName = MetalCube;
			productReference = B02BC0112133D61C00DC84EB /* MetalCube.app */;
			productType = "com.apple.product-type.application";
		};
/* End PBXNativeTarget section */

/* Begin PBXProject section */
		B02BC0092133D61B00DC84EB /* Project object */ = {
			isa = PBXProject;
			attributes = {
				LastUpgradeCheck = 0940;
				ORGANIZATIONNAME = " 沈江洋";
				TargetAttributes = {
					B02BC0102133D61B00DC84EB = {
						CreatedOnToolsVersion = 9.4.1;
					};
				};
			};
			buildConfigurationList = B02BC00C2133D61B00DC84EB /* Build configuration list for PBXProject "MetalCube" */;
			compatibilityVersion = "Xcode 9.3";
			developmentRegion = en;
			hasScannedForEncodings = 0;
			knownRegions = (
				en,
				Base,
			);
			mainGroup = B02BC0082133D61B00DC84EB;
			productRefGroup = B02BC0122133D61C00DC84EB /* Products */;
			projectDirPath = "";
			projectRoot = "";
			targets = (
				B02BC0102133D61B00DC84EB /* MetalCube */,
			);
		};
/* End PBXProject section */

/* Begin PBXResourcesBuildPhase section */
		B02BC00F2133D61B00DC84EB /* Resources */ = {
			isa = PBXResourcesBuildPhase;
			buildActionMask = 2147483647;
			files = (
				B02BC0212133D61D00DC84EB /* LaunchScreen.storyboard in Resources */,
				B02BC01E2133D61D00DC84EB /* Assets.xcassets in Resources */,
				B02BC01C2133D61C00DC84EB /* Main.storyboard in Resources */,
			);
			runOnlyForDeploymentPostprocessing = 0;
		};
/* End PBXResourcesBuildPhase section */

/* Begin PBXSourcesBuildPhase section */
		B02BC00D2133D61B00DC84EB /* Sources */ = {
			isa = PBXSourcesBuildPhase;
			buildActionMask = 2147483647;
			files = (
				B02BC0192133D61C00DC84EB /* ViewController.mm in Sources */,
				B02BC0242133D61D00DC84EB /* main.m in Sources */,
				B02BC0462133E04900DC84EB /* OrbitControl.cpp in Sources */,
				B06F696D2135290F00DE509C /* MeshRenderer.mm in Sources */,
				B02BC0162133D61C00DC84EB /* AppDelegate.m in Sources */,
				B02BC0472133E04900DC84EB /* MathUtilities.cpp in Sources */,
				B02BC0362133D7CE00DC84EB /* MetalContext.mm in Sources */,
				B06F696F2135292200DE509C /* mesh.metal in Sources */,
				B02BC0372133D7CE00DC84EB /* MetalView.m in Sources */,
			);
			runOnlyForDeploymentPostprocessing = 0;
		};
/* End PBXSourcesBuildPhase section */

/* Begin PBXVariantGroup section */
		B02BC01A2133D61C00DC84EB /* Main.storyboard */ = {
			isa = PBXVariantGroup;
			children = (
				B02BC01B2133D61C00DC84EB /* Base */,
			);
			name = Main.storyboard;
			sourceTree = "<group>";
		};
		B02BC01F2133D61D00DC84EB /* LaunchScreen.storyboard */ = {
			isa = PBXVariantGroup;
			children = (
				B02BC0202133D61D00DC84EB /* Base */,
			);
			name = LaunchScreen.storyboard;
			sourceTree = "<group>";
		};
/* End PBXVariantGroup section */

/* Begin XCBuildConfiguration section */
		B02BC0252133D61D00DC84EB /* Debug */ = {
			isa = XCBuildConfiguration;
			buildSettings = {
				ALWAYS_SEARCH_USER_PATHS = NO;
				CLANG_ANALYZER_NONNULL = YES;
				CLANG_ANALYZER_NUMBER_OBJECT_CONVERSION = YES_AGGRESSIVE;
				CLANG_CXX_LANGUAGE_STANDARD = "gnu++14";
				CLANG_CXX_LIBRARY = "libc++";
				CLANG_ENABLE_MODULES = YES;
				CLANG_ENABLE_OBJC_ARC = YES;
				CLANG_ENABLE_OBJC_WEAK = YES;
				CLANG_WARN_BLOCK_CAPTURE_AUTORELEASING = YES;
				CLANG_WARN_BOOL_CONVERSION = YES;
				CLANG_WARN_COMMA = YES;
				CLANG_WARN_CONSTANT_CONVERSION = YES;
				CLANG_WARN_DEPRECATED_OBJC_IMPLEMENTATIONS = YES;
				CLANG_WARN_DIRECT_OBJC_ISA_USAGE = YES_ERROR;
				CLANG_WARN_DOCUMENTATION_COMMENTS = YES;
				CLANG_WARN_EMPTY_BODY = YES;
				CLANG_WARN_ENUM_CONVERSION = YES;
				CLANG_WARN_INFINITE_RECURSION = YES;
				CLANG_WARN_INT_CONVERSION = YES;
				CLANG_WARN_NON_LITERAL_NULL_CONVERSION = YES;
				CLANG_WARN_OBJC_IMPLICIT_RETAIN_SELF = YES;
				CLANG_WARN_OBJC_LITERAL_CONVERSION = YES;
				CLANG_WARN_OBJC_ROOT_CLASS = YES_ERROR;
				CLANG_WARN_RANGE_LOOP_ANALYSIS = YES;
				CLANG_WARN_STRICT_PROTOTYPES = YES;
				CLANG_WARN_SUSPICIOUS_MOVE = YES;
				CLANG_WARN_UNGUARDED_AVAILABILITY = YES_AGGRESSIVE;
				CLANG_WARN_UNREACHABLE_CODE = YES;
				CLANG_WARN__DUPLICATE_METHOD_MATCH = YES;
				CODE_SIGN_IDENTITY = "iPhone Developer";
				COPY_PHASE_STRIP = NO;
				DEBUG_INFORMATION_FORMAT = dwarf;
				ENABLE_STRICT_OBJC_MSGSEND = YES;
				ENABLE_TESTABILITY = YES;
				GCC_C_LANGUAGE_STANDARD = gnu11;
				GCC_DYNAMIC_NO_PIC = NO;
				GCC_NO_COMMON_BLOCKS = YES;
				GCC_OPTIMIZATION_LEVEL = 0;
				GCC_PREPROCESSOR_DEFINITIONS = (
					"DEBUG=1",
					"$(inherited)",
				);
				GCC_WARN_64_TO_32_BIT_CONVERSION = YES;
				GCC_WARN_ABOUT_RETURN_TYPE = YES_ERROR;
				GCC_WARN_UNDECLARED_SELECTOR = YES;
				GCC_WARN_UNINITIALIZED_AUTOS = YES_AGGRESSIVE;
				GCC_WARN_UNUSED_FUNCTION = YES;
				GCC_WARN_UNUSED_VARIABLE = YES;
				IPHONEOS_DEPLOYMENT_TARGET = 11.4;
				MTL_ENABLE_DEBUG_INFO = YES;
				ONLY_ACTIVE_ARCH = YES;
				SDKROOT = iphoneos;
			};
			name = Debug;
		};
		B02BC0262133D61D00DC84EB /* Release */ = {
			isa = XCBuildConfiguration;
			buildSettings = {
				ALWAYS_SEARCH_USER_PATHS = NO;
				CLANG_ANALYZER_NONNULL = YES;
				CLANG_ANALYZER_NUMBER_OBJECT_CONVERSION = YES_AGGRESSIVE;
				CLANG_CXX_LANGUAGE_STANDARD = "gnu++14";
				CLANG_CXX_LIBRARY = "libc++";
				CLANG_ENABLE_MODULES = YES;
				CLANG_ENABLE_OBJC_ARC = YES;
				CLANG_ENABLE_OBJC_WEAK = YES;
				CLANG_WARN_BLOCK_CAPTURE_AUTORELEASING = YES;
				CLANG_WARN_BOOL_CONVERSION = YES;
				CLANG_WARN_COMMA = YES;
				CLANG_WARN_CONSTANT_CONVERSION = YES;
				CLANG_WARN_DEPRECATED_OBJC_IMPLEMENTATIONS = YES;
				CLANG_WARN_DIRECT_OBJC_ISA_USAGE = YES_ERROR;
				CLANG_WARN_DOCUMENTATION_COMMENTS = YES;
				CLANG_WARN_EMPTY_BODY = YES;
				CLANG_WARN_ENUM_CONVERSION = YES;
				CLANG_WARN_INFINITE_RECURSION = YES;
				CLANG_WARN_INT_CONVERSION = YES;
				CLANG_WARN_NON_LITERAL_NULL_CONVERSION = YES;
				CLANG_WARN_OBJC_IMPLICIT_RETAIN_SELF = YES;
				CLANG_WARN_OBJC_LITERAL_CONVERSION = YES;
				CLANG_WARN_OBJC_ROOT_CLASS = YES_ERROR;
				CLANG_WARN_RANGE_LOOP_ANALYSIS = YES;
				CLANG_WARN_STRICT_PROTOTYPES = YES;
				CLANG_WARN_SUSPICIOUS_MOVE = YES;
				CLANG_WARN_UNGUARDED_AVAILABILITY = YES_AGGRESSIVE;
				CLANG_WARN_UNREACHABLE_CODE = YES;
				CLANG_WARN__DUPLICATE_METHOD_MATCH = YES;
				CODE_SIGN_IDENTITY = "iPhone Developer";
				COPY_PHASE_STRIP = NO;
				DEBUG_INFORMATION_FORMAT = "dwarf-with-dsym";
				ENABLE_NS_ASSERTIONS = NO;
				ENABLE_STRICT_OBJC_MSGSEND = YES;
				GCC_C_LANGUAGE_STANDARD = gnu11;
				GCC_NO_COMMON_BLOCKS = YES;
				GCC_WARN_64_TO_32_BIT_CONVERSION = YES;
				GCC_WARN_ABOUT_RETURN_TYPE = YES_ERROR;
				GCC_WARN_UNDECLARED_SELECTOR = YES;
				GCC_WARN_UNINITIALIZED_AUTOS = YES_AGGRESSIVE;
				GCC_WARN_UNUSED_FUNCTION = YES;
				GCC_WARN_UNUSED_VARIABLE = YES;
				IPHONEOS_DEPLOYMENT_TARGET = 11.4;
				MTL_ENABLE_DEBUG_INFO = NO;
				SDKROOT = iphoneos;
				VALIDATE_PRODUCT = YES;
			};
			name = Release;
		};
		B02BC0282133D61D00DC84EB /* Debug */ = {
			isa = XCBuildConfiguration;
			buildSettings = {
				ASSETCATALOG_COMPILER_APPICON_NAME = AppIcon;
				CODE_SIGN_STYLE = Automatic;
				DEVELOPMENT_TEAM = KPUEQ6PE83;
				INFOPLIST_FILE = MetalCube/Info.plist;
				LD_RUNPATH_SEARCH_PATHS = (
					"$(inherited)",
					"@executable_path/Frameworks",
				);
				PRODUCT_BUNDLE_IDENTIFIER = jiangyang.MetalCube;
				PRODUCT_NAME = "$(TARGET_NAME)";
				TARGETED_DEVICE_FAMILY = "1,2";
			};
			name = Debug;
		};
		B02BC0292133D61D00DC84EB /* Release */ = {
			isa = XCBuildConfiguration;
			buildSettings = {
				ASSETCATALOG_COMPILER_APPICON_NAME = AppIcon;
				CODE_SIGN_STYLE = Automatic;
				DEVELOPMENT_TEAM = KPUEQ6PE83;
				INFOPLIST_FILE = MetalCube/Info.plist;
				LD_RUNPATH_SEARCH_PATHS = (
					"$(inherited)",
					"@executable_path/Frameworks",
				);
				PRODUCT_BUNDLE_IDENTIFIER = jiangyang.MetalCube;
				PRODUCT_NAME = "$(TARGET_NAME)";
				TARGETED_DEVICE_FAMILY = "1,2";
			};
			name = Release;
		};
/* End XCBuildConfiguration section */

/* Begin XCConfigurationList section */
		B02BC00C2133D61B00DC84EB /* Build configuration list for PBXProject "MetalCube" */ = {
			isa = XCConfigurationList;
			buildConfigurations = (
				B02BC0252133D61D00DC84EB /* Debug */,
				B02BC0262133D61D00DC84EB /* Release */,
			);
			defaultConfigurationIsVisible = 0;
			defaultConfigurationName = Release;
		};
		B02BC0272133D61D00DC84EB /* Build configuration list for PBXNativeTarget "MetalCube" */ = {
			isa = XCConfigurationList;
			buildConfigurations = (
				B02BC0282133D61D00DC84EB /* Debug */,
				B02BC0292133D61D00DC84EB /* Release */,
			);
			defaultConfigurationIsVisible = 0;
			defaultConfigurationName = Release;
		};
/* End XCConfigurationList section */
	};
	rootObject = B02BC0092133D61B00DC84EB /* Project object */;
}
