// !$*UTF8*$!
{
	archiveVersion = 1;
	classes = {
	};
	objectVersion = 50;
	objects = {

/* Begin PBXBuildFile section */
		B04C1D7421269F5B0003F585 /* AppDelegate.m in Sources */ = {isa = PBXBuildFile; fileRef = B04C1D7321269F5B0003F585 /* AppDelegate.m */; };
		B04C1D7721269F5B0003F585 /* ViewController.m in Sources */ = {isa = PBXBuildFile; fileRef = B04C1D7621269F5B0003F585 /* ViewController.m */; };
		B04C1D7A21269F5B0003F585 /* Main.storyboard in Resources */ = {isa = PBXBuildFile; fileRef = B04C1D7821269F5B0003F585 /* Main.storyboard */; };
		B04C1D7C21269F5C0003F585 /* Assets.xcassets in Resources */ = {isa = PBXBuildFile; fileRef = B04C1D7B21269F5C0003F585 /* Assets.xcassets */; };
		B04C1D7F21269F5C0003F585 /* LaunchScreen.storyboard in Resources */ = {isa = PBXBuildFile; fileRef = B04C1D7D21269F5C0003F585 /* LaunchScreen.storyboard */; };
		B04C1D8221269F5C0003F585 /* main.m in Sources */ = {isa = PBXBuildFile; fileRef = B04C1D8121269F5C0003F585 /* main.m */; };
		B06C6A412127E84700C206CB /* MetalView.m in Sources */ = {isa = PBXBuildFile; fileRef = B06C6A3A2127E84700C206CB /* MetalView.m */; };
		B06C6A422127E84700C206CB /* MetalContext.mm in Sources */ = {isa = PBXBuildFile; fileRef = B06C6A3D2127E84700C206CB /* MetalContext.mm */; };
		B06C6A462127E91A00C206CB /* LineRenderer.m in Sources */ = {isa = PBXBuildFile; fileRef = B06C6A452127E91A00C206CB /* LineRenderer.m */; };
		B06C6A482127E93400C206CB /* line.metal in Sources */ = {isa = PBXBuildFile; fileRef = B06C6A472127E93400C206CB /* line.metal */; };
/* End PBXBuildFile section */

/* Begin PBXFileReference section */
		B04C1D6F21269F5B0003F585 /* MetalLine.app */ = {isa = PBXFileReference; explicitFileType = wrapper.application; includeInIndex = 0; path = MetalLine.app; sourceTree = BUILT_PRODUCTS_DIR; };
		B04C1D7221269F5B0003F585 /* AppDelegate.h */ = {isa = PBXFileReference; lastKnownFileType = sourcecode.c.h; path = AppDelegate.h; sourceTree = "<group>"; };
		B04C1D7321269F5B0003F585 /* AppDelegate.m */ = {isa = PBXFileReference; lastKnownFileType = sourcecode.c.objc; path = AppDelegate.m; sourceTree = "<group>"; };
		B04C1D7521269F5B0003F585 /* ViewController.h */ = {isa = PBXFileReference; lastKnownFileType = sourcecode.c.h; path = ViewController.h; sourceTree = "<group>"; };
		B04C1D7621269F5B0003F585 /* ViewController.m */ = {isa = PBXFileReference; lastKnownFileType = sourcecode.c.objc; path = ViewController.m; sourceTree = "<group>"; };
		B04C1D7921269F5B0003F585 /* Base */ = {isa = PBXFileReference; lastKnownFileType = file.storyboard; name = Base; path = Base.lproj/Main.storyboard; sourceTree = "<group>"; };
		B04C1D7B21269F5C0003F585 /* Assets.xcassets */ = {isa = PBXFileReference; lastKnownFileType = folder.assetcatalog; path = Assets.xcassets; sourceTree = "<group>"; };
		B04C1D7E21269F5C0003F585 /* Base */ = {isa = PBXFileReference; lastKnownFileType = file.storyboard; name = Base; path = Base.lproj/LaunchScreen.storyboard; sourceTree = "<group>"; };
		B04C1D8021269F5C0003F585 /* Info.plist */ = {isa = PBXFileReference; lastKnownFileType = text.plist.xml; path = Info.plist; sourceTree = "<group>"; };
		B04C1D8121269F5C0003F585 /* main.m */ = {isa = PBXFileReference; lastKnownFileType = sourcecode.c.objc; path = main.m; sourceTree = "<group>"; };
		B06C6A3A2127E84700C206CB /* MetalView.m */ = {isa = PBXFileReference; fileEncoding = 4; lastKnownFileType = sourcecode.c.objc; path = MetalView.m; sourceTree = "<group>"; };
		B06C6A3B2127E84700C206CB /* MetalView.h */ = {isa = PBXFileReference; fileEncoding = 4; lastKnownFileType = sourcecode.c.h; path = MetalView.h; sourceTree = "<group>"; };
		B06C6A3D2127E84700C206CB /* MetalContext.mm */ = {isa = PBXFileReference; fileEncoding = 4; lastKnownFileType = sourcecode.cpp.objcpp; path = MetalContext.mm; sourceTree = "<group>"; };
		B06C6A3E2127E84700C206CB /* MetalContext.h */ = {isa = PBXFileReference; fileEncoding = 4; lastKnownFileType = sourcecode.c.h; path = MetalContext.h; sourceTree = "<group>"; };
		B06C6A442127E91A00C206CB /* LineRenderer.h */ = {isa = PBXFileReference; lastKnownFileType = sourcecode.c.h; path = LineRenderer.h; sourceTree = "<group>"; };
		B06C6A452127E91A00C206CB /* LineRenderer.m */ = {isa = PBXFileReference; lastKnownFileType = sourcecode.c.objc; path = LineRenderer.m; sourceTree = "<group>"; };
		B06C6A472127E93400C206CB /* line.metal */ = {isa = PBXFileReference; lastKnownFileType = sourcecode.metal; path = line.metal; sourceTree = "<group>"; };
/* End PBXFileReference section */

/* Begin PBXFrameworksBuildPhase section */
		B04C1D6C21269F5B0003F585 /* Frameworks */ = {
			isa = PBXFrameworksBuildPhase;
			buildActionMask = 2147483647;
			files = (
			);
			runOnlyForDeploymentPostprocessing = 0;
		};
/* End PBXFrameworksBuildPhase section */

/* Begin PBXGroup section */
		B04C1D6621269F5B0003F585 = {
			isa = PBXGroup;
			children = (
				B04C1D7121269F5B0003F585 /* MetalLine */,
				B04C1D7021269F5B0003F585 /* Products */,
			);
			sourceTree = "<group>";
		};
		B04C1D7021269F5B0003F585 /* Products */ = {
			isa = PBXGroup;
			children = (
				B04C1D6F21269F5B0003F585 /* MetalLine.app */,
			);
			name = Products;
			sourceTree = "<group>";
		};
		B04C1D7121269F5B0003F585 /* MetalLine */ = {
			isa = PBXGroup;
			children = (
				B06219602127CB0A00DD6316 /* Metal */,
				B04C1D7221269F5B0003F585 /* AppDelegate.h */,
				B04C1D7321269F5B0003F585 /* AppDelegate.m */,
				B04C1D7521269F5B0003F585 /* ViewController.h */,
				B04C1D7621269F5B0003F585 /* ViewController.m */,
				B04C1D7821269F5B0003F585 /* Main.storyboard */,
				B04C1D7B21269F5C0003F585 /* Assets.xcassets */,
				B04C1D7D21269F5C0003F585 /* LaunchScreen.storyboard */,
				B04C1D8021269F5C0003F585 /* Info.plist */,
				B04C1D8121269F5C0003F585 /* main.m */,
			);
			path = MetalLine;
			sourceTree = "<group>";
		};
		B06219602127CB0A00DD6316 /* Metal */ = {
			isa = PBXGroup;
			children = (
				B06C6A3C2127E84700C206CB /* MetalContext */,
				B06C6A342127E84700C206CB /* MetalRenderer */,
				B06C6A392127E84700C206CB /* MetalView */,
			);
			path = Metal;
			sourceTree = "<group>";
		};
		B06C6A342127E84700C206CB /* MetalRenderer */ = {
			isa = PBXGroup;
			children = (
				B06C6A432127E8F800C206CB /* LineRenderer */,
			);
			path = MetalRenderer;
			sourceTree = "<group>";
		};
		B06C6A392127E84700C206CB /* MetalView */ = {
			isa = PBXGroup;
			children = (
				B06C6A3A2127E84700C206CB /* MetalView.m */,
				B06C6A3B2127E84700C206CB /* MetalView.h */,
			);
			path = MetalView;
			sourceTree = "<group>";
		};
		B06C6A3C2127E84700C206CB /* MetalContext */ = {
			isa = PBXGroup;
			children = (
				B06C6A3D2127E84700C206CB /* MetalContext.mm */,
				B06C6A3E2127E84700C206CB /* MetalContext.h */,
			);
			path = MetalContext;
			sourceTree = "<group>";
		};
		B06C6A432127E8F800C206CB /* LineRenderer */ = {
			isa = PBXGroup;
			children = (
				B06C6A442127E91A00C206CB /* LineRenderer.h */,
				B06C6A452127E91A00C206CB /* LineRenderer.m */,
				B06C6A472127E93400C206CB /* line.metal */,
			);
			path = LineRenderer;
			sourceTree = "<group>";
		};
/* End PBXGroup section */

/* Begin PBXNativeTarget section */
		B04C1D6E21269F5B0003F585 /* MetalLine */ = {
			isa = PBXNativeTarget;
			buildConfigurationList = B04C1D8521269F5C0003F585 /* Build configuration list for PBXNativeTarget "MetalLine" */;
			buildPhases = (
				B04C1D6B21269F5B0003F585 /* Sources */,
				B04C1D6C21269F5B0003F585 /* Frameworks */,
				B04C1D6D21269F5B0003F585 /* Resources */,
			);
			buildRules = (
			);
			dependencies = (
			);
			name = MetalLine;
			productName = MetalLine;
			productReference = B04C1D6F21269F5B0003F585 /* MetalLine.app */;
			productType = "com.apple.product-type.application";
		};
/* End PBXNativeTarget section */

/* Begin PBXProject section */
		B04C1D6721269F5B0003F585 /* Project object */ = {
			isa = PBXProject;
			attributes = {
				LastUpgradeCheck = 0940;
				ORGANIZATIONNAME = " 沈江洋";
				TargetAttributes = {
					B04C1D6E21269F5B0003F585 = {
						CreatedOnToolsVersion = 9.4.1;
					};
				};
			};
			buildConfigurationList = B04C1D6A21269F5B0003F585 /* Build configuration list for PBXProject "MetalLine" */;
			compatibilityVersion = "Xcode 9.3";
			developmentRegion = en;
			hasScannedForEncodings = 0;
			knownRegions = (
				en,
				Base,
			);
			mainGroup = B04C1D6621269F5B0003F585;
			productRefGroup = B04C1D7021269F5B0003F585 /* Products */;
			projectDirPath = "";
			projectRoot = "";
			targets = (
				B04C1D6E21269F5B0003F585 /* MetalLine */,
			);
		};
/* End PBXProject section */

/* Begin PBXResourcesBuildPhase section */
		B04C1D6D21269F5B0003F585 /* Resources */ = {
			isa = PBXResourcesBuildPhase;
			buildActionMask = 2147483647;
			files = (
				B04C1D7F21269F5C0003F585 /* LaunchScreen.storyboard in Resources */,
				B04C1D7C21269F5C0003F585 /* Assets.xcassets in Resources */,
				B04C1D7A21269F5B0003F585 /* Main.storyboard in Resources */,
			);
			runOnlyForDeploymentPostprocessing = 0;
		};
/* End PBXResourcesBuildPhase section */

/* Begin PBXSourcesBuildPhase section */
		B04C1D6B21269F5B0003F585 /* Sources */ = {
			isa = PBXSourcesBuildPhase;
			buildActionMask = 2147483647;
			files = (
				B06C6A462127E91A00C206CB /* LineRenderer.m in Sources */,
				B04C1D7721269F5B0003F585 /* ViewController.m in Sources */,
				B04C1D8221269F5C0003F585 /* main.m in Sources */,
				B06C6A412127E84700C206CB /* MetalView.m in Sources */,
				B06C6A422127E84700C206CB /* MetalContext.mm in Sources */,
				B06C6A482127E93400C206CB /* line.metal in Sources */,
				B04C1D7421269F5B0003F585 /* AppDelegate.m in Sources */,
			);
			runOnlyForDeploymentPostprocessing = 0;
		};
/* End PBXSourcesBuildPhase section */

/* Begin PBXVariantGroup section */
		B04C1D7821269F5B0003F585 /* Main.storyboard */ = {
			isa = PBXVariantGroup;
			children = (
				B04C1D7921269F5B0003F585 /* Base */,
			);
			name = Main.storyboard;
			sourceTree = "<group>";
		};
		B04C1D7D21269F5C0003F585 /* LaunchScreen.storyboard */ = {
			isa = PBXVariantGroup;
			children = (
				B04C1D7E21269F5C0003F585 /* Base */,
			);
			name = LaunchScreen.storyboard;
			sourceTree = "<group>";
		};
/* End PBXVariantGroup section */

/* Begin XCBuildConfiguration section */
		B04C1D8321269F5C0003F585 /* Debug */ = {
			isa = XCBuildConfiguration;
			buildSettings = {
				ALWAYS_SEARCH_USER_PATHS = NO;
				CLANG_ANALYZER_NONNULL = YES;
				CLANG_ANALYZER_NUMBER_OBJECT_CONVERSION = YES_AGGRESSIVE;
				CLANG_CXX_LANGUAGE_STANDARD = "gnu++14";
				CLANG_CXX_LIBRARY = "libc++";
				CLANG_ENABLE_MODULES = YES;
				CLANG_ENABLE_OBJC_ARC = YES;
				CLANG_ENABLE_OBJC_WEAK = YES;
				CLANG_WARN_BLOCK_CAPTURE_AUTORELEASING = YES;
				CLANG_WARN_BOOL_CONVERSION = YES;
				CLANG_WARN_COMMA = YES;
				CLANG_WARN_CONSTANT_CONVERSION = YES;
				CLANG_WARN_DEPRECATED_OBJC_IMPLEMENTATIONS = YES;
				CLANG_WARN_DIRECT_OBJC_ISA_USAGE = YES_ERROR;
				CLANG_WARN_DOCUMENTATION_COMMENTS = YES;
				CLANG_WARN_EMPTY_BODY = YES;
				CLANG_WARN_ENUM_CONVERSION = YES;
				CLANG_WARN_INFINITE_RECURSION = YES;
				CLANG_WARN_INT_CONVERSION = YES;
				CLANG_WARN_NON_LITERAL_NULL_CONVERSION = YES;
				CLANG_WARN_OBJC_IMPLICIT_RETAIN_SELF = YES;
				CLANG_WARN_OBJC_LITERAL_CONVERSION = YES;
				CLANG_WARN_OBJC_ROOT_CLASS = YES_ERROR;
				CLANG_WARN_RANGE_LOOP_ANALYSIS = YES;
				CLANG_WARN_STRICT_PROTOTYPES = YES;
				CLANG_WARN_SUSPICIOUS_MOVE = YES;
				CLANG_WARN_UNGUARDED_AVAILABILITY = YES_AGGRESSIVE;
				CLANG_WARN_UNREACHABLE_CODE = YES;
				CLANG_WARN__DUPLICATE_METHOD_MATCH = YES;
				CODE_SIGN_IDENTITY = "iPhone Developer";
				COPY_PHASE_STRIP = NO;
				DEBUG_INFORMATION_FORMAT = dwarf;
				ENABLE_STRICT_OBJC_MSGSEND = YES;
				ENABLE_TESTABILITY = YES;
				GCC_C_LANGUAGE_STANDARD = gnu11;
				GCC_DYNAMIC_NO_PIC = NO;
				GCC_NO_COMMON_BLOCKS = YES;
				GCC_OPTIMIZATION_LEVEL = 0;
				GCC_PREPROCESSOR_DEFINITIONS = (
					"DEBUG=1",
					"$(inherited)",
				);
				GCC_WARN_64_TO_32_BIT_CONVERSION = YES;
				GCC_WARN_ABOUT_RETURN_TYPE = YES_ERROR;
				GCC_WARN_UNDECLARED_SELECTOR = YES;
				GCC_WARN_UNINITIALIZED_AUTOS = YES_AGGRESSIVE;
				GCC_WARN_UNUSED_FUNCTION = YES;
				GCC_WARN_UNUSED_VARIABLE = YES;
				IPHONEOS_DEPLOYMENT_TARGET = 11.4;
				MTL_ENABLE_DEBUG_INFO = YES;
				ONLY_ACTIVE_ARCH = YES;
				SDKROOT = iphoneos;
			};
			name = Debug;
		};
		B04C1D8421269F5C0003F585 /* Release */ = {
			isa = XCBuildConfiguration;
			buildSettings = {
				ALWAYS_SEARCH_USER_PATHS = NO;
				CLANG_ANALYZER_NONNULL = YES;
				CLANG_ANALYZER_NUMBER_OBJECT_CONVERSION = YES_AGGRESSIVE;
				CLANG_CXX_LANGUAGE_STANDARD = "gnu++14";
				CLANG_CXX_LIBRARY = "libc++";
				CLANG_ENABLE_MODULES = YES;
				CLANG_ENABLE_OBJC_ARC = YES;
				CLANG_ENABLE_OBJC_WEAK = YES;
				CLANG_WARN_BLOCK_CAPTURE_AUTORELEASING = YES;
				CLANG_WARN_BOOL_CONVERSION = YES;
				CLANG_WARN_COMMA = YES;
				CLANG_WARN_CONSTANT_CONVERSION = YES;
				CLANG_WARN_DEPRECATED_OBJC_IMPLEMENTATIONS = YES;
				CLANG_WARN_DIRECT_OBJC_ISA_USAGE = YES_ERROR;
				CLANG_WARN_DOCUMENTATION_COMMENTS = YES;
				CLANG_WARN_EMPTY_BODY = YES;
				CLANG_WARN_ENUM_CONVERSION = YES;
				CLANG_WARN_INFINITE_RECURSION = YES;
				CLANG_WARN_INT_CONVERSION = YES;
				CLANG_WARN_NON_LITERAL_NULL_CONVERSION = YES;
				CLANG_WARN_OBJC_IMPLICIT_RETAIN_SELF = YES;
				CLANG_WARN_OBJC_LITERAL_CONVERSION = YES;
				CLANG_WARN_OBJC_ROOT_CLASS = YES_ERROR;
				CLANG_WARN_RANGE_LOOP_ANALYSIS = YES;
				CLANG_WARN_STRICT_PROTOTYPES = YES;
				CLANG_WARN_SUSPICIOUS_MOVE = YES;
				CLANG_WARN_UNGUARDED_AVAILABILITY = YES_AGGRESSIVE;
				CLANG_WARN_UNREACHABLE_CODE = YES;
				CLANG_WARN__DUPLICATE_METHOD_MATCH = YES;
				CODE_SIGN_IDENTITY = "iPhone Developer";
				COPY_PHASE_STRIP = NO;
				DEBUG_INFORMATION_FORMAT = "dwarf-with-dsym";
				ENABLE_NS_ASSERTIONS = NO;
				ENABLE_STRICT_OBJC_MSGSEND = YES;
				GCC_C_LANGUAGE_STANDARD = gnu11;
				GCC_NO_COMMON_BLOCKS = YES;
				GCC_WARN_64_TO_32_BIT_CONVERSION = YES;
				GCC_WARN_ABOUT_RETURN_TYPE = YES_ERROR;
				GCC_WARN_UNDECLARED_SELECTOR = YES;
				GCC_WARN_UNINITIALIZED_AUTOS = YES_AGGRESSIVE;
				GCC_WARN_UNUSED_FUNCTION = YES;
				GCC_WARN_UNUSED_VARIABLE = YES;
				IPHONEOS_DEPLOYMENT_TARGET = 11.4;
				MTL_ENABLE_DEBUG_INFO = NO;
				SDKROOT = iphoneos;
				VALIDATE_PRODUCT = YES;
			};
			name = Release;
		};
		B04C1D8621269F5C0003F585 /* Debug */ = {
			isa = XCBuildConfiguration;
			buildSettings = {
				ASSETCATALOG_COMPILER_APPICON_NAME = AppIcon;
				CODE_SIGN_STYLE = Automatic;
				DEVELOPMENT_TEAM = KPUEQ6PE83;
				INFOPLIST_FILE = MetalLine/Info.plist;
				LD_RUNPATH_SEARCH_PATHS = (
					"$(inherited)",
					"@executable_path/Frameworks",
				);
				PRODUCT_BUNDLE_IDENTIFIER = jiangyang.MetalLine;
				PRODUCT_NAME = "$(TARGET_NAME)";
				TARGETED_DEVICE_FAMILY = "1,2";
			};
			name = Debug;
		};
		B04C1D8721269F5C0003F585 /* Release */ = {
			isa = XCBuildConfiguration;
			buildSettings = {
				ASSETCATALOG_COMPILER_APPICON_NAME = AppIcon;
				CODE_SIGN_STYLE = Automatic;
				DEVELOPMENT_TEAM = KPUEQ6PE83;
				INFOPLIST_FILE = MetalLine/Info.plist;
				LD_RUNPATH_SEARCH_PATHS = (
					"$(inherited)",
					"@executable_path/Frameworks",
				);
				PRODUCT_BUNDLE_IDENTIFIER = jiangyang.MetalLine;
				PRODUCT_NAME = "$(TARGET_NAME)";
				TARGETED_DEVICE_FAMILY = "1,2";
			};
			name = Release;
		};
/* End XCBuildConfiguration section */

/* Begin XCConfigurationList section */
		B04C1D6A21269F5B0003F585 /* Build configuration list for PBXProject "MetalLine" */ = {
			isa = XCConfigurationList;
			buildConfigurations = (
				B04C1D8321269F5C0003F585 /* Debug */,
				B04C1D8421269F5C0003F585 /* Release */,
			);
			defaultConfigurationIsVisible = 0;
			defaultConfigurationName = Release;
		};
		B04C1D8521269F5C0003F585 /* Build configuration list for PBXNativeTarget "MetalLine" */ = {
			isa = XCConfigurationList;
			buildConfigurations = (
				B04C1D8621269F5C0003F585 /* Debug */,
				B04C1D8721269F5C0003F585 /* Release */,
			);
			defaultConfigurationIsVisible = 0;
			defaultConfigurationName = Release;
		};
/* End XCConfigurationList section */
	};
	rootObject = B04C1D6721269F5B0003F585 /* Project object */;
}
